
Microsoft Visual Studio Solution File, Format Version 12.00
# Visual Studio Version 16
VisualStudioVersion = 16.0.31624.102
MinimumVisualStudioVersion = 10.0.40219.1
Project("{FAE04EC0-301F-11D3-BF4B-00C04F79EFBC}") = "Test", "Test.csproj", "{77FD4D78-8D24-409E-B523-28E947EC289B}"
EndProject
Project("{FAE04EC0-301F-11D3-BF4B-00C04F79EFBC}") = "CodeFirst", "..\CodeFirst\CodeFirst.csproj", "{64ED41F3-E263-4488-9B33-80E08B3D988B}"
EndProject
Global
	GlobalSection(SolutionConfigurationPlatforms) = preSolution
		Debug|Any CPU = Debug|Any CPU
		Release|Any CPU = Release|Any CPU
	EndGlobalSection
	GlobalSection(ProjectConfigurationPlatforms) = postSolution
		{77FD4D78-8D24-409E-B523-28E947EC289B}.Debug|Any CPU.ActiveCfg = Debug|Any CPU
		{77FD4D78-8D24-409E-B523-28E947EC289B}.Debug|Any CPU.Build.0 = Debug|Any CPU
		{77FD4D78-8D24-409E-B523-28E947EC289B}.Release|Any CPU.ActiveCfg = Release|Any CPU
		{77FD4D78-8D24-409E-B523-28E947EC289B}.Release|Any CPU.Build.0 = Release|Any CPU
		{64ED41F3-E263-4488-9B33-80E08B3D988B}.Debug|Any CPU.ActiveCfg = Debug|Any CPU
		{64ED41F3-E263-4488-9B33-80E08B3D988B}.Debug|Any CPU.Build.0 = Debug|Any CPU
		{64ED41F3-E263-4488-9B33-80E08B3D988B}.Release|Any CPU.ActiveCfg = Release|Any CPU
		{64ED41F3-E263-4488-9B33-80E08B3D988B}.Release|Any CPU.Build.0 = Release|Any CPU
	EndGlobalSection
	GlobalSection(SolutionProperties) = preSolution
		HideSolutionNode = FALSE
	EndGlobalSection
	GlobalSection(ExtensibilityGlobals) = postSolution
		SolutionGuid = {793A0FB9-DC92-4782-98FF-A4C97E612206}
	EndGlobalSection
EndGlobal
